// !$*UTF8*$!
{
	archiveVersion = 1;
	classes = {
	};
	objectVersion = 55;
	objects = {

/* Begin PBXBuildFile section */
		DF1701B92844187E008727C2 /* User.swift in Sources */ = {isa = PBXBuildFile; fileRef = DF1701B82844187E008727C2 /* User.swift */; };
		DF1701BB284532BE008727C2 /* Search.swift in Sources */ = {isa = PBXBuildFile; fileRef = DF1701BA284532BE008727C2 /* Search.swift */; };
		DF1B9F69281ED16300260C88 /* StarRating.swift in Sources */ = {isa = PBXBuildFile; fileRef = DF1B9F68281ED16300260C88 /* StarRating.swift */; };
		DF1B9F6B281EEF6000260C88 /* GameStatusRadioButton.swift in Sources */ = {isa = PBXBuildFile; fileRef = DF1B9F6A281EEF6000260C88 /* GameStatusRadioButton.swift */; };
		DF1B9F6D281EFC1D00260C88 /* AddEditVideoGameViewController.swift in Sources */ = {isa = PBXBuildFile; fileRef = DF1B9F6C281EFC1D00260C88 /* AddEditVideoGameViewController.swift */; };
		DF1B9F6F28204C3E00260C88 /* UserGameRating.swift in Sources */ = {isa = PBXBuildFile; fileRef = DF1B9F6E28204C3E00260C88 /* UserGameRating.swift */; };
		DF1B9F712821A3BD00260C88 /* BacklogEntry.swift in Sources */ = {isa = PBXBuildFile; fileRef = DF1B9F702821A3BD00260C88 /* BacklogEntry.swift */; };
		DF1B9F732828086300260C88 /* UpcomingGameCollectionViewCell.swift in Sources */ = {isa = PBXBuildFile; fileRef = DF1B9F722828086200260C88 /* UpcomingGameCollectionViewCell.swift */; };
		DF1B9F752828385800260C88 /* TrendingGameCollectionViewCell.swift in Sources */ = {isa = PBXBuildFile; fileRef = DF1B9F742828385800260C88 /* TrendingGameCollectionViewCell.swift */; };
		DF1B9F7728283DD300260C88 /* UpcomingGame.swift in Sources */ = {isa = PBXBuildFile; fileRef = DF1B9F7628283DD300260C88 /* UpcomingGame.swift */; };
		DF1EC299280B36BF00829004 /* AppDelegate.swift in Sources */ = {isa = PBXBuildFile; fileRef = DF1EC298280B36BF00829004 /* AppDelegate.swift */; };
		DF1EC29B280B36BF00829004 /* SceneDelegate.swift in Sources */ = {isa = PBXBuildFile; fileRef = DF1EC29A280B36BF00829004 /* SceneDelegate.swift */; };
		DF1EC29D280B36BF00829004 /* ViewController.swift in Sources */ = {isa = PBXBuildFile; fileRef = DF1EC29C280B36BF00829004 /* ViewController.swift */; };
		DF1EC2A0280B36BF00829004 /* Main.storyboard in Resources */ = {isa = PBXBuildFile; fileRef = DF1EC29E280B36BF00829004 /* Main.storyboard */; };
		DF1EC2A2280B36C300829004 /* Assets.xcassets in Resources */ = {isa = PBXBuildFile; fileRef = DF1EC2A1280B36C300829004 /* Assets.xcassets */; };
		DF1EC2A5280B36C300829004 /* LaunchScreen.storyboard in Resources */ = {isa = PBXBuildFile; fileRef = DF1EC2A3280B36C300829004 /* LaunchScreen.storyboard */; };
		DF1EC2AD280C1DA000829004 /* LoginViewController.swift in Sources */ = {isa = PBXBuildFile; fileRef = DF1EC2AC280C1DA000829004 /* LoginViewController.swift */; };
		DF23BF0B280F3CFB006CF405 /* LoginPayload+BearerToken.swift in Sources */ = {isa = PBXBuildFile; fileRef = DF23BF0A280F3CFB006CF405 /* LoginPayload+BearerToken.swift */; };
		DF23BF11280F3E54006CF405 /* Profile.swift in Sources */ = {isa = PBXBuildFile; fileRef = DF23BF10280F3E54006CF405 /* Profile.swift */; };
		DF23BF3928116302006CF405 /* APIRequest.swift in Sources */ = {isa = PBXBuildFile; fileRef = DF23BF3828116302006CF405 /* APIRequest.swift */; };
		DF23BF4028116C4D006CF405 /* KeychainItem.swift in Sources */ = {isa = PBXBuildFile; fileRef = DF23BF3F28116C4D006CF405 /* KeychainItem.swift */; };
		DF23BF9228141BDE006CF405 /* APIService.swift in Sources */ = {isa = PBXBuildFile; fileRef = DF23BF9128141BDE006CF405 /* APIService.swift */; };
		DF23BF942814248C006CF405 /* ProfileCollectionViewController.swift in Sources */ = {isa = PBXBuildFile; fileRef = DF23BF932814248C006CF405 /* ProfileCollectionViewController.swift */; };
		DF23BF9628142908006CF405 /* ProfileHeaderCollectionViewCell.swift in Sources */ = {isa = PBXBuildFile; fileRef = DF23BF9528142908006CF405 /* ProfileHeaderCollectionViewCell.swift */; };
		DF23BF9828142CD0006CF405 /* UICollectionViewDiffableDataSource+ViewModel.swift in Sources */ = {isa = PBXBuildFile; fileRef = DF23BF9728142CD0006CF405 /* UICollectionViewDiffableDataSource+ViewModel.swift */; };
		DF23BF9A28143E9E006CF405 /* Social.swift in Sources */ = {isa = PBXBuildFile; fileRef = DF23BF9928143E9E006CF405 /* Social.swift */; };
		DF23BF9D281473A7006CF405 /* SocialContactCollectionViewCell.swift in Sources */ = {isa = PBXBuildFile; fileRef = DF23BF9C281473A7006CF405 /* SocialContactCollectionViewCell.swift */; };
		DF23BF9F28154116006CF405 /* MyBacklogCollectionViewCell.swift in Sources */ = {isa = PBXBuildFile; fileRef = DF23BF9E28154116006CF405 /* MyBacklogCollectionViewCell.swift */; };
		DF23BFA1281541A3006CF405 /* Backlog.swift in Sources */ = {isa = PBXBuildFile; fileRef = DF23BFA0281541A3006CF405 /* Backlog.swift */; };
		DF23BFA32815705F006CF405 /* VideoGameCollectionViewCell.swift in Sources */ = {isa = PBXBuildFile; fileRef = DF23BFA22815705F006CF405 /* VideoGameCollectionViewCell.swift */; };
		DF23BFA528157132006CF405 /* IconSectionCollectionReusableView.swift in Sources */ = {isa = PBXBuildFile; fileRef = DF23BFA428157132006CF405 /* IconSectionCollectionReusableView.swift */; };
		DF23BFA728157310006CF405 /* VideoGameCard.swift in Sources */ = {isa = PBXBuildFile; fileRef = DF23BFA628157310006CF405 /* VideoGameCard.swift */; };
		DF23BFA92815BD09006CF405 /* SupplementaryItem.swift in Sources */ = {isa = PBXBuildFile; fileRef = DF23BFA82815BD09006CF405 /* SupplementaryItem.swift */; };
		DF23BFAB2815BD51006CF405 /* SectionCollectionReusableView.swift in Sources */ = {isa = PBXBuildFile; fileRef = DF23BFAA2815BD51006CF405 /* SectionCollectionReusableView.swift */; };
		DF23BFAD2815E226006CF405 /* VideoGameDetailViewController.swift in Sources */ = {isa = PBXBuildFile; fileRef = DF23BFAC2815E226006CF405 /* VideoGameDetailViewController.swift */; };
		DF23BFAF28168E50006CF405 /* FontKit.swift in Sources */ = {isa = PBXBuildFile; fileRef = DF23BFAE28168E4F006CF405 /* FontKit.swift */; };
		DF23BFB1281696D1006CF405 /* VideoGame.swift in Sources */ = {isa = PBXBuildFile; fileRef = DF23BFB0281696D1006CF405 /* VideoGame.swift */; };
		DF23BFB32818188A006CF405 /* TrendingCollectionViewController.swift in Sources */ = {isa = PBXBuildFile; fileRef = DF23BFB228181887006CF405 /* TrendingCollectionViewController.swift */; };
		DF23BFB52818633E006CF405 /* SearchResultsTableViewController.swift in Sources */ = {isa = PBXBuildFile; fileRef = DF23BFB42818633D006CF405 /* SearchResultsTableViewController.swift */; };
		DF23BFB928189C52006CF405 /* VideoGameSearch.swift in Sources */ = {isa = PBXBuildFile; fileRef = DF23BFB828189C52006CF405 /* VideoGameSearch.swift */; };
		DF23BFBC2819398D006CF405 /* VideoGameSearchTableViewCell.swift in Sources */ = {isa = PBXBuildFile; fileRef = DF23BFBA2819398C006CF405 /* VideoGameSearchTableViewCell.swift */; };
		DF23BFBF281982AD006CF405 /* PlatformCollectionViewCell.swift in Sources */ = {isa = PBXBuildFile; fileRef = DF23BFBE281982AB006CF405 /* PlatformCollectionViewCell.swift */; };
		DF23BFC128199358006CF405 /* LeftAlignedFlowLayout.swift in Sources */ = {isa = PBXBuildFile; fileRef = DF23BFC028199357006CF405 /* LeftAlignedFlowLayout.swift */; };
		DF4B11142843DD2900EF0895 /* EditProfileTableViewController.swift in Sources */ = {isa = PBXBuildFile; fileRef = DF4B11132843DD2900EF0895 /* EditProfileTableViewController.swift */; };
		DF4F9DDD281AC5FE00F7C95C /* StarRatingController.swift in Sources */ = {isa = PBXBuildFile; fileRef = DF4F9DDC281AC5FE00F7C95C /* StarRatingController.swift */; };
		DF4F9DDF281AC69F00F7C95C /* StarRatingStackView.swift in Sources */ = {isa = PBXBuildFile; fileRef = DF4F9DDE281AC69F00F7C95C /* StarRatingStackView.swift */; };
		DF4F9DE1281AC6C800F7C95C /* StarRatingStackView.xib in Resources */ = {isa = PBXBuildFile; fileRef = DF4F9DE0281AC6C700F7C95C /* StarRatingStackView.xib */; };
		DF4F9DE3281AD6A800F7C95C /* VideoGameDetails.swift in Sources */ = {isa = PBXBuildFile; fileRef = DF4F9DE2281AD6A800F7C95C /* VideoGameDetails.swift */; };
		DF4F9DE5281D5B3300F7C95C /* GameRatingButton.swift in Sources */ = {isa = PBXBuildFile; fileRef = DF4F9DE4281D5B3300F7C95C /* GameRatingButton.swift */; };
		DFBEE36C2829877900AB39F9 /* TrendingGame.swift in Sources */ = {isa = PBXBuildFile; fileRef = DFBEE36B2829877900AB39F9 /* TrendingGame.swift */; };
/* End PBXBuildFile section */

/* Begin PBXFileReference section */
		DF1701B82844187E008727C2 /* User.swift */ = {isa = PBXFileReference; lastKnownFileType = sourcecode.swift; path = User.swift; sourceTree = "<group>"; };
		DF1701BA284532BE008727C2 /* Search.swift */ = {isa = PBXFileReference; lastKnownFileType = sourcecode.swift; path = Search.swift; sourceTree = "<group>"; };
		DF1B9F68281ED16300260C88 /* StarRating.swift */ = {isa = PBXFileReference; lastKnownFileType = sourcecode.swift; path = StarRating.swift; sourceTree = "<group>"; };
		DF1B9F6A281EEF6000260C88 /* GameStatusRadioButton.swift */ = {isa = PBXFileReference; lastKnownFileType = sourcecode.swift; path = GameStatusRadioButton.swift; sourceTree = "<group>"; };
		DF1B9F6C281EFC1D00260C88 /* AddEditVideoGameViewController.swift */ = {isa = PBXFileReference; lastKnownFileType = sourcecode.swift; path = AddEditVideoGameViewController.swift; sourceTree = "<group>"; };
		DF1B9F6E28204C3E00260C88 /* UserGameRating.swift */ = {isa = PBXFileReference; lastKnownFileType = sourcecode.swift; path = UserGameRating.swift; sourceTree = "<group>"; };
		DF1B9F702821A3BD00260C88 /* BacklogEntry.swift */ = {isa = PBXFileReference; lastKnownFileType = sourcecode.swift; path = BacklogEntry.swift; sourceTree = "<group>"; };
		DF1B9F722828086200260C88 /* UpcomingGameCollectionViewCell.swift */ = {isa = PBXFileReference; lastKnownFileType = sourcecode.swift; path = UpcomingGameCollectionViewCell.swift; sourceTree = "<group>"; };
		DF1B9F742828385800260C88 /* TrendingGameCollectionViewCell.swift */ = {isa = PBXFileReference; lastKnownFileType = sourcecode.swift; path = TrendingGameCollectionViewCell.swift; sourceTree = "<group>"; };
		DF1B9F7628283DD300260C88 /* UpcomingGame.swift */ = {isa = PBXFileReference; lastKnownFileType = sourcecode.swift; path = UpcomingGame.swift; sourceTree = "<group>"; };
		DF1EC295280B36BF00829004 /* VGFlow.app */ = {isa = PBXFileReference; explicitFileType = wrapper.application; includeInIndex = 0; path = VGFlow.app; sourceTree = BUILT_PRODUCTS_DIR; };
		DF1EC298280B36BF00829004 /* AppDelegate.swift */ = {isa = PBXFileReference; lastKnownFileType = sourcecode.swift; path = AppDelegate.swift; sourceTree = "<group>"; };
		DF1EC29A280B36BF00829004 /* SceneDelegate.swift */ = {isa = PBXFileReference; lastKnownFileType = sourcecode.swift; path = SceneDelegate.swift; sourceTree = "<group>"; };
		DF1EC29C280B36BF00829004 /* ViewController.swift */ = {isa = PBXFileReference; lastKnownFileType = sourcecode.swift; path = ViewController.swift; sourceTree = "<group>"; };
		DF1EC29F280B36BF00829004 /* Base */ = {isa = PBXFileReference; lastKnownFileType = file.storyboard; name = Base; path = Base.lproj/Main.storyboard; sourceTree = "<group>"; };
		DF1EC2A1280B36C300829004 /* Assets.xcassets */ = {isa = PBXFileReference; lastKnownFileType = folder.assetcatalog; path = Assets.xcassets; sourceTree = "<group>"; };
		DF1EC2A4280B36C300829004 /* Base */ = {isa = PBXFileReference; lastKnownFileType = file.storyboard; name = Base; path = Base.lproj/LaunchScreen.storyboard; sourceTree = "<group>"; };
		DF1EC2A6280B36C300829004 /* Info.plist */ = {isa = PBXFileReference; lastKnownFileType = text.plist.xml; path = Info.plist; sourceTree = "<group>"; };
		DF1EC2AC280C1DA000829004 /* LoginViewController.swift */ = {isa = PBXFileReference; lastKnownFileType = sourcecode.swift; path = LoginViewController.swift; sourceTree = "<group>"; };
		DF1EC2AE280C215600829004 /* VGFlow.entitlements */ = {isa = PBXFileReference; lastKnownFileType = text.plist.entitlements; path = VGFlow.entitlements; sourceTree = "<group>"; };
		DF23BF0A280F3CFB006CF405 /* LoginPayload+BearerToken.swift */ = {isa = PBXFileReference; lastKnownFileType = sourcecode.swift; path = "LoginPayload+BearerToken.swift"; sourceTree = "<group>"; };
		DF23BF10280F3E54006CF405 /* Profile.swift */ = {isa = PBXFileReference; lastKnownFileType = sourcecode.swift; path = Profile.swift; sourceTree = "<group>"; };
		DF23BF3828116302006CF405 /* APIRequest.swift */ = {isa = PBXFileReference; lastKnownFileType = sourcecode.swift; path = APIRequest.swift; sourceTree = "<group>"; };
		DF23BF3F28116C4D006CF405 /* KeychainItem.swift */ = {isa = PBXFileReference; lastKnownFileType = sourcecode.swift; path = KeychainItem.swift; sourceTree = "<group>"; };
		DF23BF9128141BDE006CF405 /* APIService.swift */ = {isa = PBXFileReference; lastKnownFileType = sourcecode.swift; path = APIService.swift; sourceTree = "<group>"; };
		DF23BF932814248C006CF405 /* ProfileCollectionViewController.swift */ = {isa = PBXFileReference; lastKnownFileType = sourcecode.swift; path = ProfileCollectionViewController.swift; sourceTree = "<group>"; };
		DF23BF9528142908006CF405 /* ProfileHeaderCollectionViewCell.swift */ = {isa = PBXFileReference; lastKnownFileType = sourcecode.swift; path = ProfileHeaderCollectionViewCell.swift; sourceTree = "<group>"; };
		DF23BF9728142CD0006CF405 /* UICollectionViewDiffableDataSource+ViewModel.swift */ = {isa = PBXFileReference; lastKnownFileType = sourcecode.swift; path = "UICollectionViewDiffableDataSource+ViewModel.swift"; sourceTree = "<group>"; };
		DF23BF9928143E9E006CF405 /* Social.swift */ = {isa = PBXFileReference; lastKnownFileType = sourcecode.swift; path = Social.swift; sourceTree = "<group>"; };
		DF23BF9C281473A7006CF405 /* SocialContactCollectionViewCell.swift */ = {isa = PBXFileReference; lastKnownFileType = sourcecode.swift; path = SocialContactCollectionViewCell.swift; sourceTree = "<group>"; };
		DF23BF9E28154116006CF405 /* MyBacklogCollectionViewCell.swift */ = {isa = PBXFileReference; lastKnownFileType = sourcecode.swift; path = MyBacklogCollectionViewCell.swift; sourceTree = "<group>"; };
		DF23BFA0281541A3006CF405 /* Backlog.swift */ = {isa = PBXFileReference; lastKnownFileType = sourcecode.swift; path = Backlog.swift; sourceTree = "<group>"; };
		DF23BFA22815705F006CF405 /* VideoGameCollectionViewCell.swift */ = {isa = PBXFileReference; lastKnownFileType = sourcecode.swift; path = VideoGameCollectionViewCell.swift; sourceTree = "<group>"; };
		DF23BFA428157132006CF405 /* IconSectionCollectionReusableView.swift */ = {isa = PBXFileReference; lastKnownFileType = sourcecode.swift; path = IconSectionCollectionReusableView.swift; sourceTree = "<group>"; };
		DF23BFA628157310006CF405 /* VideoGameCard.swift */ = {isa = PBXFileReference; lastKnownFileType = sourcecode.swift; path = VideoGameCard.swift; sourceTree = "<group>"; };
		DF23BFA82815BD09006CF405 /* SupplementaryItem.swift */ = {isa = PBXFileReference; lastKnownFileType = sourcecode.swift; path = SupplementaryItem.swift; sourceTree = "<group>"; };
		DF23BFAA2815BD51006CF405 /* SectionCollectionReusableView.swift */ = {isa = PBXFileReference; lastKnownFileType = sourcecode.swift; path = SectionCollectionReusableView.swift; sourceTree = "<group>"; };
		DF23BFAC2815E226006CF405 /* VideoGameDetailViewController.swift */ = {isa = PBXFileReference; lastKnownFileType = sourcecode.swift; path = VideoGameDetailViewController.swift; sourceTree = "<group>"; };
		DF23BFAE28168E4F006CF405 /* FontKit.swift */ = {isa = PBXFileReference; lastKnownFileType = sourcecode.swift; path = FontKit.swift; sourceTree = "<group>"; };
		DF23BFB0281696D1006CF405 /* VideoGame.swift */ = {isa = PBXFileReference; lastKnownFileType = sourcecode.swift; path = VideoGame.swift; sourceTree = "<group>"; };
		DF23BFB228181887006CF405 /* TrendingCollectionViewController.swift */ = {isa = PBXFileReference; lastKnownFileType = sourcecode.swift; path = TrendingCollectionViewController.swift; sourceTree = "<group>"; };
		DF23BFB42818633D006CF405 /* SearchResultsTableViewController.swift */ = {isa = PBXFileReference; lastKnownFileType = sourcecode.swift; path = SearchResultsTableViewController.swift; sourceTree = "<group>"; };
		DF23BFB828189C52006CF405 /* VideoGameSearch.swift */ = {isa = PBXFileReference; lastKnownFileType = sourcecode.swift; path = VideoGameSearch.swift; sourceTree = "<group>"; };
		DF23BFBA2819398C006CF405 /* VideoGameSearchTableViewCell.swift */ = {isa = PBXFileReference; lastKnownFileType = sourcecode.swift; path = VideoGameSearchTableViewCell.swift; sourceTree = "<group>"; };
		DF23BFBE281982AB006CF405 /* PlatformCollectionViewCell.swift */ = {isa = PBXFileReference; lastKnownFileType = sourcecode.swift; path = PlatformCollectionViewCell.swift; sourceTree = "<group>"; };
		DF23BFC028199357006CF405 /* LeftAlignedFlowLayout.swift */ = {isa = PBXFileReference; lastKnownFileType = sourcecode.swift; path = LeftAlignedFlowLayout.swift; sourceTree = "<group>"; };
		DF4B11132843DD2900EF0895 /* EditProfileTableViewController.swift */ = {isa = PBXFileReference; lastKnownFileType = sourcecode.swift; path = EditProfileTableViewController.swift; sourceTree = "<group>"; };
		DF4F9DDC281AC5FE00F7C95C /* StarRatingController.swift */ = {isa = PBXFileReference; lastKnownFileType = sourcecode.swift; path = StarRatingController.swift; sourceTree = "<group>"; };
		DF4F9DDE281AC69F00F7C95C /* StarRatingStackView.swift */ = {isa = PBXFileReference; lastKnownFileType = sourcecode.swift; path = StarRatingStackView.swift; sourceTree = "<group>"; };
		DF4F9DE0281AC6C700F7C95C /* StarRatingStackView.xib */ = {isa = PBXFileReference; lastKnownFileType = file.xib; path = StarRatingStackView.xib; sourceTree = "<group>"; };
		DF4F9DE2281AD6A800F7C95C /* VideoGameDetails.swift */ = {isa = PBXFileReference; lastKnownFileType = sourcecode.swift; path = VideoGameDetails.swift; sourceTree = "<group>"; };
		DF4F9DE4281D5B3300F7C95C /* GameRatingButton.swift */ = {isa = PBXFileReference; lastKnownFileType = sourcecode.swift; path = GameRatingButton.swift; sourceTree = "<group>"; };
		DFBEE36B2829877900AB39F9 /* TrendingGame.swift */ = {isa = PBXFileReference; lastKnownFileType = sourcecode.swift; path = TrendingGame.swift; sourceTree = "<group>"; };
/* End PBXFileReference section */

/* Begin PBXFrameworksBuildPhase section */
		DF1EC292280B36BF00829004 /* Frameworks */ = {
			isa = PBXFrameworksBuildPhase;
			buildActionMask = 2147483647;
			files = (
			);
			runOnlyForDeploymentPostprocessing = 0;
		};
/* End PBXFrameworksBuildPhase section */

/* Begin PBXGroup section */
		DF1EC28C280B36BF00829004 = {
			isa = PBXGroup;
			children = (
				DF1EC297280B36BF00829004 /* VGFlow */,
				DF1EC296280B36BF00829004 /* Products */,
			);
			sourceTree = "<group>";
		};
		DF1EC296280B36BF00829004 /* Products */ = {
			isa = PBXGroup;
			children = (
				DF1EC295280B36BF00829004 /* VGFlow.app */,
			);
			name = Products;
			sourceTree = "<group>";
		};
		DF1EC297280B36BF00829004 /* VGFlow */ = {
			isa = PBXGroup;
			children = (
				DF1EC2AE280C215600829004 /* VGFlow.entitlements */,
				DF1EC298280B36BF00829004 /* AppDelegate.swift */,
				DF1EC29A280B36BF00829004 /* SceneDelegate.swift */,
				DF1EC29C280B36BF00829004 /* ViewController.swift */,
				DF1EC29E280B36BF00829004 /* Main.storyboard */,
				DF1EC2A1280B36C300829004 /* Assets.xcassets */,
				DF1EC2A6280B36C300829004 /* Info.plist */,
				DF4B1112283E680100EF0895 /* View Controllers */,
				DF23BF412811797C006CF405 /* Models */,
				DF23BF422811799C006CF405 /* Helpers */,
				DF23BF3E281165C4006CF405 /* API */,
				DF23BF9B281440C3006CF405 /* Cells */,
				DF4F9DDB281AC57C00F7C95C /* StarRatingView */,
			);
			path = VGFlow;
			sourceTree = "<group>";
		};
		DF23BF3E281165C4006CF405 /* API */ = {
			isa = PBXGroup;
			children = (
				DF23BF3828116302006CF405 /* APIRequest.swift */,
				DF23BF9128141BDE006CF405 /* APIService.swift */,
			);
			path = API;
			sourceTree = "<group>";
		};
		DF23BF412811797C006CF405 /* Models */ = {
			isa = PBXGroup;
			children = (
				DF23BF0A280F3CFB006CF405 /* LoginPayload+BearerToken.swift */,
				DF23BF10280F3E54006CF405 /* Profile.swift */,
				DF23BF9928143E9E006CF405 /* Social.swift */,
				DF23BFA0281541A3006CF405 /* Backlog.swift */,
				DF23BFB0281696D1006CF405 /* VideoGame.swift */,
				DF23BFA628157310006CF405 /* VideoGameCard.swift */,
				DF4F9DE2281AD6A800F7C95C /* VideoGameDetails.swift */,
				DF23BFB828189C52006CF405 /* VideoGameSearch.swift */,
				DF1B9F68281ED16300260C88 /* StarRating.swift */,
				DF1B9F6E28204C3E00260C88 /* UserGameRating.swift */,
				DF1B9F702821A3BD00260C88 /* BacklogEntry.swift */,
				DF1B9F7628283DD300260C88 /* UpcomingGame.swift */,
				DFBEE36B2829877900AB39F9 /* TrendingGame.swift */,
				DF1701B82844187E008727C2 /* User.swift */,
				DF1701BA284532BE008727C2 /* Search.swift */,
			);
			path = Models;
			sourceTree = "<group>";
		};
		DF23BF422811799C006CF405 /* Helpers */ = {
			isa = PBXGroup;
			children = (
				DF1EC2A3280B36C300829004 /* LaunchScreen.storyboard */,
				DF23BF3F28116C4D006CF405 /* KeychainItem.swift */,
				DF23BFA82815BD09006CF405 /* SupplementaryItem.swift */,
				DF23BF9728142CD0006CF405 /* UICollectionViewDiffableDataSource+ViewModel.swift */,
				DF23BFAE28168E4F006CF405 /* FontKit.swift */,
				DF23BFC028199357006CF405 /* LeftAlignedFlowLayout.swift */,
				DF4F9DE4281D5B3300F7C95C /* GameRatingButton.swift */,
				DF1B9F6A281EEF6000260C88 /* GameStatusRadioButton.swift */,
			);
			path = Helpers;
			sourceTree = "<group>";
		};
		DF23BF9B281440C3006CF405 /* Cells */ = {
			isa = PBXGroup;
			children = (
				DF23BF9528142908006CF405 /* ProfileHeaderCollectionViewCell.swift */,
				DF23BF9C281473A7006CF405 /* SocialContactCollectionViewCell.swift */,
				DF23BF9E28154116006CF405 /* MyBacklogCollectionViewCell.swift */,
				DF23BFA22815705F006CF405 /* VideoGameCollectionViewCell.swift */,
				DF23BFA428157132006CF405 /* IconSectionCollectionReusableView.swift */,
				DF23BFAA2815BD51006CF405 /* SectionCollectionReusableView.swift */,
				DF23BFBA2819398C006CF405 /* VideoGameSearchTableViewCell.swift */,
				DF23BFBE281982AB006CF405 /* PlatformCollectionViewCell.swift */,
				DF1B9F742828385800260C88 /* TrendingGameCollectionViewCell.swift */,
				DF1B9F722828086200260C88 /* UpcomingGameCollectionViewCell.swift */,
			);
			path = Cells;
			sourceTree = "<group>";
		};
		DF4B1112283E680100EF0895 /* View Controllers */ = {
			isa = PBXGroup;
			children = (
				DF1EC2AC280C1DA000829004 /* LoginViewController.swift */,
				DF23BF932814248C006CF405 /* ProfileCollectionViewController.swift */,
				DF23BFB228181887006CF405 /* TrendingCollectionViewController.swift */,
				DF23BFB42818633D006CF405 /* SearchResultsTableViewController.swift */,
				DF23BFAC2815E226006CF405 /* VideoGameDetailViewController.swift */,
				DF1B9F6C281EFC1D00260C88 /* AddEditVideoGameViewController.swift */,
				DF4B11132843DD2900EF0895 /* EditProfileTableViewController.swift */,
			);
			path = "View Controllers";
			sourceTree = "<group>";
		};
		DF4F9DDB281AC57C00F7C95C /* StarRatingView */ = {
			isa = PBXGroup;
			children = (
				DF4F9DDC281AC5FE00F7C95C /* StarRatingController.swift */,
				DF4F9DDE281AC69F00F7C95C /* StarRatingStackView.swift */,
				DF4F9DE0281AC6C700F7C95C /* StarRatingStackView.xib */,
			);
			path = StarRatingView;
			sourceTree = "<group>";
		};
/* End PBXGroup section */

/* Begin PBXNativeTarget section */
		DF1EC294280B36BF00829004 /* VGFlow */ = {
			isa = PBXNativeTarget;
			buildConfigurationList = DF1EC2A9280B36C300829004 /* Build configuration list for PBXNativeTarget "VGFlow" */;
			buildPhases = (
				DF1EC291280B36BF00829004 /* Sources */,
				DF1EC292280B36BF00829004 /* Frameworks */,
				DF1EC293280B36BF00829004 /* Resources */,
			);
			buildRules = (
			);
			dependencies = (
			);
			name = VGFlow;
			packageProductDependencies = (
			);
			productName = VGFlow;
			productReference = DF1EC295280B36BF00829004 /* VGFlow.app */;
			productType = "com.apple.product-type.application";
		};
/* End PBXNativeTarget section */

/* Begin PBXProject section */
		DF1EC28D280B36BF00829004 /* Project object */ = {
			isa = PBXProject;
			attributes = {
				BuildIndependentTargetsInParallel = 1;
				LastSwiftUpdateCheck = 1330;
				LastUpgradeCheck = 1330;
				TargetAttributes = {
					DF1EC294280B36BF00829004 = {
						CreatedOnToolsVersion = 13.3;
					};
				};
			};
			buildConfigurationList = DF1EC290280B36BF00829004 /* Build configuration list for PBXProject "VGFlow" */;
			compatibilityVersion = "Xcode 13.0";
			developmentRegion = en;
			hasScannedForEncodings = 0;
			knownRegions = (
				en,
				Base,
			);
			mainGroup = DF1EC28C280B36BF00829004;
			packageReferences = (
			);
			productRefGroup = DF1EC296280B36BF00829004 /* Products */;
			projectDirPath = "";
			projectRoot = "";
			targets = (
				DF1EC294280B36BF00829004 /* VGFlow */,
			);
		};
/* End PBXProject section */

/* Begin PBXResourcesBuildPhase section */
		DF1EC293280B36BF00829004 /* Resources */ = {
			isa = PBXResourcesBuildPhase;
			buildActionMask = 2147483647;
			files = (
				DF1EC2A5280B36C300829004 /* LaunchScreen.storyboard in Resources */,
				DF1EC2A2280B36C300829004 /* Assets.xcassets in Resources */,
				DF4F9DE1281AC6C800F7C95C /* StarRatingStackView.xib in Resources */,
				DF1EC2A0280B36BF00829004 /* Main.storyboard in Resources */,
			);
			runOnlyForDeploymentPostprocessing = 0;
		};
/* End PBXResourcesBuildPhase section */

/* Begin PBXSourcesBuildPhase section */
		DF1EC291280B36BF00829004 /* Sources */ = {
			isa = PBXSourcesBuildPhase;
			buildActionMask = 2147483647;
			files = (
				DF23BF9D281473A7006CF405 /* SocialContactCollectionViewCell.swift in Sources */,
				DF23BF942814248C006CF405 /* ProfileCollectionViewController.swift in Sources */,
				DF1EC2AD280C1DA000829004 /* LoginViewController.swift in Sources */,
				DF23BF4028116C4D006CF405 /* KeychainItem.swift in Sources */,
				DF4F9DDF281AC69F00F7C95C /* StarRatingStackView.swift in Sources */,
				DF1EC29D280B36BF00829004 /* ViewController.swift in Sources */,
				DF1EC299280B36BF00829004 /* AppDelegate.swift in Sources */,
				DF23BFB32818188A006CF405 /* TrendingCollectionViewController.swift in Sources */,
				DF23BF9828142CD0006CF405 /* UICollectionViewDiffableDataSource+ViewModel.swift in Sources */,
				DF23BF9F28154116006CF405 /* MyBacklogCollectionViewCell.swift in Sources */,
				DF1B9F732828086300260C88 /* UpcomingGameCollectionViewCell.swift in Sources */,
				DF1B9F6D281EFC1D00260C88 /* AddEditVideoGameViewController.swift in Sources */,
				DF1EC29B280B36BF00829004 /* SceneDelegate.swift in Sources */,
				DFBEE36C2829877900AB39F9 /* TrendingGame.swift in Sources */,
				DF23BF11280F3E54006CF405 /* Profile.swift in Sources */,
				DF1701BB284532BE008727C2 /* Search.swift in Sources */,
				DF1B9F6B281EEF6000260C88 /* GameStatusRadioButton.swift in Sources */,
				DF1B9F712821A3BD00260C88 /* BacklogEntry.swift in Sources */,
				DF23BFA92815BD09006CF405 /* SupplementaryItem.swift in Sources */,
				DF23BFAD2815E226006CF405 /* VideoGameDetailViewController.swift in Sources */,
				DF1B9F69281ED16300260C88 /* StarRating.swift in Sources */,
				DF23BFA728157310006CF405 /* VideoGameCard.swift in Sources */,
				DF23BFA528157132006CF405 /* IconSectionCollectionReusableView.swift in Sources */,
				DF23BFAB2815BD51006CF405 /* SectionCollectionReusableView.swift in Sources */,
				DF1701B92844187E008727C2 /* User.swift in Sources */,
				DF1B9F752828385800260C88 /* TrendingGameCollectionViewCell.swift in Sources */,
				DF23BF3928116302006CF405 /* APIRequest.swift in Sources */,
				DF23BFBF281982AD006CF405 /* PlatformCollectionViewCell.swift in Sources */,
				DF23BFA1281541A3006CF405 /* Backlog.swift in Sources */,
				DF23BFB52818633E006CF405 /* SearchResultsTableViewController.swift in Sources */,
				DF23BF9228141BDE006CF405 /* APIService.swift in Sources */,
				DF4B11142843DD2900EF0895 /* EditProfileTableViewController.swift in Sources */,
				DF4F9DE3281AD6A800F7C95C /* VideoGameDetails.swift in Sources */,
				DF23BFC128199358006CF405 /* LeftAlignedFlowLayout.swift in Sources */,
				DF23BF9628142908006CF405 /* ProfileHeaderCollectionViewCell.swift in Sources */,
				DF1B9F7728283DD300260C88 /* UpcomingGame.swift in Sources */,
				DF4F9DE5281D5B3300F7C95C /* GameRatingButton.swift in Sources */,
				DF23BFBC2819398D006CF405 /* VideoGameSearchTableViewCell.swift in Sources */,
				DF23BFB1281696D1006CF405 /* VideoGame.swift in Sources */,
				DF1B9F6F28204C3E00260C88 /* UserGameRating.swift in Sources */,
				DF23BFB928189C52006CF405 /* VideoGameSearch.swift in Sources */,
				DF23BFA32815705F006CF405 /* VideoGameCollectionViewCell.swift in Sources */,
				DF23BF0B280F3CFB006CF405 /* LoginPayload+BearerToken.swift in Sources */,
				DF23BF9A28143E9E006CF405 /* Social.swift in Sources */,
				DF23BFAF28168E50006CF405 /* FontKit.swift in Sources */,
				DF4F9DDD281AC5FE00F7C95C /* StarRatingController.swift in Sources */,
			);
			runOnlyForDeploymentPostprocessing = 0;
		};
/* End PBXSourcesBuildPhase section */

/* Begin PBXVariantGroup section */
		DF1EC29E280B36BF00829004 /* Main.storyboard */ = {
			isa = PBXVariantGroup;
			children = (
				DF1EC29F280B36BF00829004 /* Base */,
			);
			name = Main.storyboard;
			sourceTree = "<group>";
		};
		DF1EC2A3280B36C300829004 /* LaunchScreen.storyboard */ = {
			isa = PBXVariantGroup;
			children = (
				DF1EC2A4280B36C300829004 /* Base */,
			);
			name = LaunchScreen.storyboard;
			sourceTree = "<group>";
		};
/* End PBXVariantGroup section */

/* Begin XCBuildConfiguration section */
		DF1EC2A7280B36C300829004 /* Debug */ = {
			isa = XCBuildConfiguration;
			buildSettings = {
				ALWAYS_SEARCH_USER_PATHS = NO;
				CLANG_ANALYZER_NONNULL = YES;
				CLANG_ANALYZER_NUMBER_OBJECT_CONVERSION = YES_AGGRESSIVE;
				CLANG_CXX_LANGUAGE_STANDARD = "gnu++17";
				CLANG_ENABLE_MODULES = YES;
				CLANG_ENABLE_OBJC_ARC = YES;
				CLANG_ENABLE_OBJC_WEAK = YES;
				CLANG_WARN_BLOCK_CAPTURE_AUTORELEASING = YES;
				CLANG_WARN_BOOL_CONVERSION = YES;
				CLANG_WARN_COMMA = YES;
				CLANG_WARN_CONSTANT_CONVERSION = YES;
				CLANG_WARN_DEPRECATED_OBJC_IMPLEMENTATIONS = YES;
				CLANG_WARN_DIRECT_OBJC_ISA_USAGE = YES_ERROR;
				CLANG_WARN_DOCUMENTATION_COMMENTS = YES;
				CLANG_WARN_EMPTY_BODY = YES;
				CLANG_WARN_ENUM_CONVERSION = YES;
				CLANG_WARN_INFINITE_RECURSION = YES;
				CLANG_WARN_INT_CONVERSION = YES;
				CLANG_WARN_NON_LITERAL_NULL_CONVERSION = YES;
				CLANG_WARN_OBJC_IMPLICIT_RETAIN_SELF = YES;
				CLANG_WARN_OBJC_LITERAL_CONVERSION = YES;
				CLANG_WARN_OBJC_ROOT_CLASS = YES_ERROR;
				CLANG_WARN_QUOTED_INCLUDE_IN_FRAMEWORK_HEADER = YES;
				CLANG_WARN_RANGE_LOOP_ANALYSIS = YES;
				CLANG_WARN_STRICT_PROTOTYPES = YES;
				CLANG_WARN_SUSPICIOUS_MOVE = YES;
				CLANG_WARN_UNGUARDED_AVAILABILITY = YES_AGGRESSIVE;
				CLANG_WARN_UNREACHABLE_CODE = YES;
				CLANG_WARN__DUPLICATE_METHOD_MATCH = YES;
				COPY_PHASE_STRIP = NO;
				DEBUG_INFORMATION_FORMAT = dwarf;
				ENABLE_STRICT_OBJC_MSGSEND = YES;
				ENABLE_TESTABILITY = YES;
				GCC_C_LANGUAGE_STANDARD = gnu11;
				GCC_DYNAMIC_NO_PIC = NO;
				GCC_NO_COMMON_BLOCKS = YES;
				GCC_OPTIMIZATION_LEVEL = 0;
				GCC_PREPROCESSOR_DEFINITIONS = (
					"DEBUG=1",
					"$(inherited)",
				);
				GCC_WARN_64_TO_32_BIT_CONVERSION = YES;
				GCC_WARN_ABOUT_RETURN_TYPE = YES_ERROR;
				GCC_WARN_UNDECLARED_SELECTOR = YES;
				GCC_WARN_UNINITIALIZED_AUTOS = YES_AGGRESSIVE;
				GCC_WARN_UNUSED_FUNCTION = YES;
				GCC_WARN_UNUSED_VARIABLE = YES;
				IPHONEOS_DEPLOYMENT_TARGET = 15.4;
				MTL_ENABLE_DEBUG_INFO = INCLUDE_SOURCE;
				MTL_FAST_MATH = YES;
				ONLY_ACTIVE_ARCH = YES;
				SDKROOT = iphoneos;
				SWIFT_ACTIVE_COMPILATION_CONDITIONS = DEBUG;
				SWIFT_OPTIMIZATION_LEVEL = "-Onone";
			};
			name = Debug;
		};
		DF1EC2A8280B36C300829004 /* Release */ = {
			isa = XCBuildConfiguration;
			buildSettings = {
				ALWAYS_SEARCH_USER_PATHS = NO;
				CLANG_ANALYZER_NONNULL = YES;
				CLANG_ANALYZER_NUMBER_OBJECT_CONVERSION = YES_AGGRESSIVE;
				CLANG_CXX_LANGUAGE_STANDARD = "gnu++17";
				CLANG_ENABLE_MODULES = YES;
				CLANG_ENABLE_OBJC_ARC = YES;
				CLANG_ENABLE_OBJC_WEAK = YES;
				CLANG_WARN_BLOCK_CAPTURE_AUTORELEASING = YES;
				CLANG_WARN_BOOL_CONVERSION = YES;
				CLANG_WARN_COMMA = YES;
				CLANG_WARN_CONSTANT_CONVERSION = YES;
				CLANG_WARN_DEPRECATED_OBJC_IMPLEMENTATIONS = YES;
				CLANG_WARN_DIRECT_OBJC_ISA_USAGE = YES_ERROR;
				CLANG_WARN_DOCUMENTATION_COMMENTS = YES;
				CLANG_WARN_EMPTY_BODY = YES;
				CLANG_WARN_ENUM_CONVERSION = YES;
				CLANG_WARN_INFINITE_RECURSION = YES;
				CLANG_WARN_INT_CONVERSION = YES;
				CLANG_WARN_NON_LITERAL_NULL_CONVERSION = YES;
				CLANG_WARN_OBJC_IMPLICIT_RETAIN_SELF = YES;
				CLANG_WARN_OBJC_LITERAL_CONVERSION = YES;
				CLANG_WARN_OBJC_ROOT_CLASS = YES_ERROR;
				CLANG_WARN_QUOTED_INCLUDE_IN_FRAMEWORK_HEADER = YES;
				CLANG_WARN_RANGE_LOOP_ANALYSIS = YES;
				CLANG_WARN_STRICT_PROTOTYPES = YES;
				CLANG_WARN_SUSPICIOUS_MOVE = YES;
				CLANG_WARN_UNGUARDED_AVAILABILITY = YES_AGGRESSIVE;
				CLANG_WARN_UNREACHABLE_CODE = YES;
				CLANG_WARN__DUPLICATE_METHOD_MATCH = YES;
				COPY_PHASE_STRIP = NO;
				DEBUG_INFORMATION_FORMAT = "dwarf-with-dsym";
				ENABLE_NS_ASSERTIONS = NO;
				ENABLE_STRICT_OBJC_MSGSEND = YES;
				GCC_C_LANGUAGE_STANDARD = gnu11;
				GCC_NO_COMMON_BLOCKS = YES;
				GCC_WARN_64_TO_32_BIT_CONVERSION = YES;
				GCC_WARN_ABOUT_RETURN_TYPE = YES_ERROR;
				GCC_WARN_UNDECLARED_SELECTOR = YES;
				GCC_WARN_UNINITIALIZED_AUTOS = YES_AGGRESSIVE;
				GCC_WARN_UNUSED_FUNCTION = YES;
				GCC_WARN_UNUSED_VARIABLE = YES;
				IPHONEOS_DEPLOYMENT_TARGET = 15.4;
				MTL_ENABLE_DEBUG_INFO = NO;
				MTL_FAST_MATH = YES;
				SDKROOT = iphoneos;
				SWIFT_COMPILATION_MODE = wholemodule;
				SWIFT_OPTIMIZATION_LEVEL = "-O";
				VALIDATE_PRODUCT = YES;
			};
			name = Release;
		};
		DF1EC2AA280B36C300829004 /* Debug */ = {
			isa = XCBuildConfiguration;
			buildSettings = {
				ASSETCATALOG_COMPILER_APPICON_NAME = AppIcon;
				ASSETCATALOG_COMPILER_GLOBAL_ACCENT_COLOR_NAME = AccentColor;
				CODE_SIGN_ENTITLEMENTS = VGFlow/VGFlow.entitlements;
				CODE_SIGN_STYLE = Automatic;
				CURRENT_PROJECT_VERSION = 1;
				DEVELOPMENT_TEAM = 78TF6STR8G;
				GENERATE_INFOPLIST_FILE = YES;
				INFOPLIST_FILE = VGFlow/Info.plist;
				INFOPLIST_KEY_UIApplicationSupportsIndirectInputEvents = YES;
				INFOPLIST_KEY_UILaunchStoryboardName = LaunchScreen;
				INFOPLIST_KEY_UIMainStoryboardFile = Main;
				INFOPLIST_KEY_UIRequiresFullScreen = YES;
				INFOPLIST_KEY_UISupportedInterfaceOrientations = UIInterfaceOrientationPortrait;
				INFOPLIST_KEY_UISupportedInterfaceOrientations_iPad = UIInterfaceOrientationPortrait;
				INFOPLIST_KEY_UISupportedInterfaceOrientations_iPhone = UIInterfaceOrientationPortrait;
				LD_RUNPATH_SEARCH_PATHS = (
					"$(inherited)",
					"@executable_path/Frameworks",
				);
				MARKETING_VERSION = 1.0;
				PRODUCT_BUNDLE_IDENTIFIER = com.federicoguidi.VGFlow;
				PRODUCT_NAME = "$(TARGET_NAME)";
				SWIFT_EMIT_LOC_STRINGS = YES;
				SWIFT_VERSION = 5.0;
				TARGETED_DEVICE_FAMILY = 1;
			};
			name = Debug;
		};
		DF1EC2AB280B36C300829004 /* Release */ = {
			isa = XCBuildConfiguration;
			buildSettings = {
				ASSETCATALOG_COMPILER_APPICON_NAME = AppIcon;
				ASSETCATALOG_COMPILER_GLOBAL_ACCENT_COLOR_NAME = AccentColor;
				CODE_SIGN_ENTITLEMENTS = VGFlow/VGFlow.entitlements;
				CODE_SIGN_STYLE = Automatic;
				CURRENT_PROJECT_VERSION = 1;
				DEVELOPMENT_TEAM = 78TF6STR8G;
				GENERATE_INFOPLIST_FILE = YES;
				INFOPLIST_FILE = VGFlow/Info.plist;
				INFOPLIST_KEY_UIApplicationSupportsIndirectInputEvents = YES;
				INFOPLIST_KEY_UILaunchStoryboardName = LaunchScreen;
				INFOPLIST_KEY_UIMainStoryboardFile = Main;
				INFOPLIST_KEY_UIRequiresFullScreen = YES;
				INFOPLIST_KEY_UISupportedInterfaceOrientations = UIInterfaceOrientationPortrait;
				INFOPLIST_KEY_UISupportedInterfaceOrientations_iPad = UIInterfaceOrientationPortrait;
				INFOPLIST_KEY_UISupportedInterfaceOrientations_iPhone = UIInterfaceOrientationPortrait;
				LD_RUNPATH_SEARCH_PATHS = (
					"$(inherited)",
					"@executable_path/Frameworks",
				);
				MARKETING_VERSION = 1.0;
				PRODUCT_BUNDLE_IDENTIFIER = com.federicoguidi.VGFlow;
				PRODUCT_NAME = "$(TARGET_NAME)";
				SWIFT_EMIT_LOC_STRINGS = YES;
				SWIFT_VERSION = 5.0;
				TARGETED_DEVICE_FAMILY = 1;
			};
			name = Release;
		};
/* End XCBuildConfiguration section */

/* Begin XCConfigurationList section */
		DF1EC290280B36BF00829004 /* Build configuration list for PBXProject "VGFlow" */ = {
			isa = XCConfigurationList;
			buildConfigurations = (
				DF1EC2A7280B36C300829004 /* Debug */,
				DF1EC2A8280B36C300829004 /* Release */,
			);
			defaultConfigurationIsVisible = 0;
			defaultConfigurationName = Release;
		};
		DF1EC2A9280B36C300829004 /* Build configuration list for PBXNativeTarget "VGFlow" */ = {
			isa = XCConfigurationList;
			buildConfigurations = (
				DF1EC2AA280B36C300829004 /* Debug */,
				DF1EC2AB280B36C300829004 /* Release */,
			);
			defaultConfigurationIsVisible = 0;
			defaultConfigurationName = Release;
		};
/* End XCConfigurationList section */
	};
	rootObject = DF1EC28D280B36BF00829004 /* Project object */;
}
